// !$*UTF8*$!
{
	archiveVersion = 1;
	classes = {
	};
	objectVersion = 48;
	objects = {

/* Begin PBXBuildFile section */
		3D63FD712060781F0029F21F /* Entry.swift in Sources */ = {isa = PBXBuildFile; fileRef = 3D63FD702060781F0029F21F /* Entry.swift */; };
		3D806925206787830052D422 /* UIView+Extensions.swift in Sources */ = {isa = PBXBuildFile; fileRef = 3D806924206787830052D422 /* UIView+Extensions.swift */; };
		3D806927206789820052D422 /* UITextField+Extensions.swift in Sources */ = {isa = PBXBuildFile; fileRef = 3D806926206789820052D422 /* UITextField+Extensions.swift */; };
		3D80692A20678A7C0052D422 /* LoginViewController.swift in Sources */ = {isa = PBXBuildFile; fileRef = 3D80692920678A7C0052D422 /* LoginViewController.swift */; };
		3D8069322067C12A0052D422 /* Resource.swift in Sources */ = {isa = PBXBuildFile; fileRef = 3D80692F2067C12A0052D422 /* Resource.swift */; };
		3D8069352067C1540052D422 /* NetworkManager.swift in Sources */ = {isa = PBXBuildFile; fileRef = 3D8069342067C1540052D422 /* NetworkManager.swift */; };
		3D8069382067C2720052D422 /* User.swift in Sources */ = {isa = PBXBuildFile; fileRef = 3D8069372067C2720052D422 /* User.swift */; };
		3D94E61420606F00009C694C /* Main.storyboard in Resources */ = {isa = PBXBuildFile; fileRef = 3D94E61320606F00009C694C /* Main.storyboard */; };
		3DA725722083F4070021F741 /* EditEntryViewController.swift in Sources */ = {isa = PBXBuildFile; fileRef = 3DA725712083F4070021F741 /* EditEntryViewController.swift */; };
		3DA72575208405370021F741 /* Style.swift in Sources */ = {isa = PBXBuildFile; fileRef = 3DA72574208405370021F741 /* Style.swift */; };
		3DA97C0B206C4D3D0012F444 /* UserResource.swift in Sources */ = {isa = PBXBuildFile; fileRef = 3DA97C0A206C4D3D0012F444 /* UserResource.swift */; };
		3DA97C0D206C4DC20012F444 /* EntryResource.swift in Sources */ = {isa = PBXBuildFile; fileRef = 3DA97C0C206C4DC20012F444 /* EntryResource.swift */; };
		3DA97C0F206CB5460012F444 /* User+NetworkManager.swift in Sources */ = {isa = PBXBuildFile; fileRef = 3DA97C0E206CB5460012F444 /* User+NetworkManager.swift */; };
		3DAF8D9520699ED700F7EFF1 /* SignupViewController.swift in Sources */ = {isa = PBXBuildFile; fileRef = 3DAF8D9420699ED700F7EFF1 /* SignupViewController.swift */; };
		3DBB853E20619390006A5F9C /* EntryTableViewCell.swift in Sources */ = {isa = PBXBuildFile; fileRef = 3DBB853D20619390006A5F9C /* EntryTableViewCell.swift */; };
		3DC075FF1F7B031700D1016F /* AppDelegate.swift in Sources */ = {isa = PBXBuildFile; fileRef = 3DC075FE1F7B031700D1016F /* AppDelegate.swift */; };
		3DC076061F7B031700D1016F /* Assets.xcassets in Resources */ = {isa = PBXBuildFile; fileRef = 3DC076051F7B031700D1016F /* Assets.xcassets */; };
		3DC076091F7B031700D1016F /* LaunchScreen.storyboard in Resources */ = {isa = PBXBuildFile; fileRef = 3DC076071F7B031700D1016F /* LaunchScreen.storyboard */; };
		3DC6D8F72077FF6500C9F6A9 /* Result.swift in Sources */ = {isa = PBXBuildFile; fileRef = 3DC6D8F62077FF6500C9F6A9 /* Result.swift */; };
		3DF1B36C208526D5005F57F9 /* JournalViewController.swift in Sources */ = {isa = PBXBuildFile; fileRef = 3DF1B36B208526D4005F57F9 /* JournalViewController.swift */; };
/* End PBXBuildFile section */

/* Begin PBXFileReference section */
		3D63FD702060781F0029F21F /* Entry.swift */ = {isa = PBXFileReference; lastKnownFileType = sourcecode.swift; path = Entry.swift; sourceTree = "<group>"; };
		3D806924206787830052D422 /* UIView+Extensions.swift */ = {isa = PBXFileReference; lastKnownFileType = sourcecode.swift; path = "UIView+Extensions.swift"; sourceTree = "<group>"; };
		3D806926206789820052D422 /* UITextField+Extensions.swift */ = {isa = PBXFileReference; lastKnownFileType = sourcecode.swift; path = "UITextField+Extensions.swift"; sourceTree = "<group>"; };
		3D80692920678A7C0052D422 /* LoginViewController.swift */ = {isa = PBXFileReference; lastKnownFileType = sourcecode.swift; path = LoginViewController.swift; sourceTree = "<group>"; };
		3D80692F2067C12A0052D422 /* Resource.swift */ = {isa = PBXFileReference; fileEncoding = 4; lastKnownFileType = sourcecode.swift; path = Resource.swift; sourceTree = "<group>"; };
		3D8069342067C1540052D422 /* NetworkManager.swift */ = {isa = PBXFileReference; lastKnownFileType = sourcecode.swift; path = NetworkManager.swift; sourceTree = "<group>"; };
		3D8069372067C2720052D422 /* User.swift */ = {isa = PBXFileReference; lastKnownFileType = sourcecode.swift; path = User.swift; sourceTree = "<group>"; };
		3D94E61320606F00009C694C /* Main.storyboard */ = {isa = PBXFileReference; lastKnownFileType = file.storyboard; path = Main.storyboard; sourceTree = "<group>"; };
		3DA725712083F4070021F741 /* EditEntryViewController.swift */ = {isa = PBXFileReference; lastKnownFileType = sourcecode.swift; path = EditEntryViewController.swift; sourceTree = "<group>"; };
		3DA72574208405370021F741 /* Style.swift */ = {isa = PBXFileReference; lastKnownFileType = sourcecode.swift; path = Style.swift; sourceTree = "<group>"; };
		3DA97C0A206C4D3D0012F444 /* UserResource.swift */ = {isa = PBXFileReference; lastKnownFileType = sourcecode.swift; path = UserResource.swift; sourceTree = "<group>"; };
		3DA97C0C206C4DC20012F444 /* EntryResource.swift */ = {isa = PBXFileReference; lastKnownFileType = sourcecode.swift; path = EntryResource.swift; sourceTree = "<group>"; };
		3DA97C0E206CB5460012F444 /* User+NetworkManager.swift */ = {isa = PBXFileReference; lastKnownFileType = sourcecode.swift; path = "User+NetworkManager.swift"; sourceTree = "<group>"; };
		3DAF8D9420699ED700F7EFF1 /* SignupViewController.swift */ = {isa = PBXFileReference; lastKnownFileType = sourcecode.swift; path = SignupViewController.swift; sourceTree = "<group>"; };
		3DBB853D20619390006A5F9C /* EntryTableViewCell.swift */ = {isa = PBXFileReference; lastKnownFileType = sourcecode.swift; path = EntryTableViewCell.swift; sourceTree = "<group>"; };
		3DC075FB1F7B031700D1016F /* Vybes.app */ = {isa = PBXFileReference; explicitFileType = wrapper.application; includeInIndex = 0; path = Vybes.app; sourceTree = BUILT_PRODUCTS_DIR; };
		3DC075FE1F7B031700D1016F /* AppDelegate.swift */ = {isa = PBXFileReference; lastKnownFileType = sourcecode.swift; path = AppDelegate.swift; sourceTree = "<group>"; };
		3DC076051F7B031700D1016F /* Assets.xcassets */ = {isa = PBXFileReference; lastKnownFileType = folder.assetcatalog; path = Assets.xcassets; sourceTree = "<group>"; };
		3DC076081F7B031700D1016F /* Base */ = {isa = PBXFileReference; lastKnownFileType = file.storyboard; name = Base; path = Base.lproj/LaunchScreen.storyboard; sourceTree = "<group>"; };
		3DC0760A1F7B031700D1016F /* Info.plist */ = {isa = PBXFileReference; lastKnownFileType = text.plist.xml; path = Info.plist; sourceTree = "<group>"; };
		3DC6D8F62077FF6500C9F6A9 /* Result.swift */ = {isa = PBXFileReference; lastKnownFileType = sourcecode.swift; path = Result.swift; sourceTree = "<group>"; };
		3DF1B36B208526D4005F57F9 /* JournalViewController.swift */ = {isa = PBXFileReference; fileEncoding = 4; lastKnownFileType = sourcecode.swift; path = JournalViewController.swift; sourceTree = "<group>"; };
/* End PBXFileReference section */

/* Begin PBXFrameworksBuildPhase section */
		3DC075F81F7B031700D1016F /* Frameworks */ = {
			isa = PBXFrameworksBuildPhase;
			buildActionMask = 2147483647;
			files = (
			);
			runOnlyForDeploymentPostprocessing = 0;
		};
/* End PBXFrameworksBuildPhase section */

/* Begin PBXGroup section */
		3D806923206785490052D422 /* Extensions */ = {
			isa = PBXGroup;
			children = (
				3D806924206787830052D422 /* UIView+Extensions.swift */,
				3D806926206789820052D422 /* UITextField+Extensions.swift */,
				3DA97C0E206CB5460012F444 /* User+NetworkManager.swift */,
			);
			path = Extensions;
			sourceTree = "<group>";
		};
		3D80692820678A670052D422 /* Controllers */ = {
			isa = PBXGroup;
			children = (
				3DF1B36B208526D4005F57F9 /* JournalViewController.swift */,
				3D80692920678A7C0052D422 /* LoginViewController.swift */,
				3DAF8D9420699ED700F7EFF1 /* SignupViewController.swift */,
				3DA725712083F4070021F741 /* EditEntryViewController.swift */,
			);
			path = Controllers;
			sourceTree = "<group>";
		};
		3D80692D2067C12A0052D422 /* Networking */ = {
			isa = PBXGroup;
			children = (
				3DC6D8F82078425C00C9F6A9 /* Resources */,
				3D8069342067C1540052D422 /* NetworkManager.swift */,
				3DC6D8F62077FF6500C9F6A9 /* Result.swift */,
			);
			path = Networking;
			sourceTree = "<group>";
		};
		3D8069362067C23D0052D422 /* Models */ = {
			isa = PBXGroup;
			children = (
				3D63FD702060781F0029F21F /* Entry.swift */,
				3D8069372067C2720052D422 /* User.swift */,
			);
			path = Models;
			sourceTree = "<group>";
		};
		3DA72573208404DB0021F741 /* Helper */ = {
			isa = PBXGroup;
			children = (
				3DA72574208405370021F741 /* Style.swift */,
			);
			path = Helper;
			sourceTree = "<group>";
		};
		3DC075F21F7B031700D1016F = {
			isa = PBXGroup;
			children = (
				3DC075FD1F7B031700D1016F /* Vybes */,
				3DC075FC1F7B031700D1016F /* Products */,
			);
			sourceTree = "<group>";
		};
		3DC075FC1F7B031700D1016F /* Products */ = {
			isa = PBXGroup;
			children = (
				3DC075FB1F7B031700D1016F /* Vybes.app */,
			);
			name = Products;
			sourceTree = "<group>";
		};
		3DC075FD1F7B031700D1016F /* Vybes */ = {
			isa = PBXGroup;
			children = (
				3DA72573208404DB0021F741 /* Helper */,
				3D80692820678A670052D422 /* Controllers */,
				3D806923206785490052D422 /* Extensions */,
				3D8069362067C23D0052D422 /* Models */,
				3D80692D2067C12A0052D422 /* Networking */,
				3DC075FE1F7B031700D1016F /* AppDelegate.swift */,
				3DC076051F7B031700D1016F /* Assets.xcassets */,
				3DC076071F7B031700D1016F /* LaunchScreen.storyboard */,
				3DC0760A1F7B031700D1016F /* Info.plist */,
				3D94E61320606F00009C694C /* Main.storyboard */,
				3DBB853D20619390006A5F9C /* EntryTableViewCell.swift */,
			);
			path = Vybes;
			sourceTree = "<group>";
		};
		3DC6D8F82078425C00C9F6A9 /* Resources */ = {
			isa = PBXGroup;
			children = (
				3D80692F2067C12A0052D422 /* Resource.swift */,
				3DA97C0A206C4D3D0012F444 /* UserResource.swift */,
				3DA97C0C206C4DC20012F444 /* EntryResource.swift */,
			);
			path = Resources;
			sourceTree = "<group>";
		};
/* End PBXGroup section */

/* Begin PBXNativeTarget section */
		3DC075FA1F7B031700D1016F /* Vybes */ = {
			isa = PBXNativeTarget;
			buildConfigurationList = 3DC0760D1F7B031700D1016F /* Build configuration list for PBXNativeTarget "Vybes" */;
			buildPhases = (
				3DC075F71F7B031700D1016F /* Sources */,
				3DC075F81F7B031700D1016F /* Frameworks */,
				3DC075F91F7B031700D1016F /* Resources */,
			);
			buildRules = (
			);
			dependencies = (
			);
			name = Vybes;
			productName = Vibes;
			productReference = 3DC075FB1F7B031700D1016F /* Vybes.app */;
			productType = "com.apple.product-type.application";
		};
/* End PBXNativeTarget section */

/* Begin PBXProject section */
		3DC075F31F7B031700D1016F /* Project object */ = {
			isa = PBXProject;
			attributes = {
				LastSwiftUpdateCheck = 0900;
				LastUpgradeCheck = 0930;
				ORGANIZATIONNAME = "Willie Johnson";
				TargetAttributes = {
					3DC075FA1F7B031700D1016F = {
						CreatedOnToolsVersion = 9.0;
						ProvisioningStyle = Automatic;
					};
				};
			};
			buildConfigurationList = 3DC075F61F7B031700D1016F /* Build configuration list for PBXProject "Vybes" */;
			compatibilityVersion = "Xcode 8.0";
			developmentRegion = en;
			hasScannedForEncodings = 0;
			knownRegions = (
				en,
				Base,
			);
			mainGroup = 3DC075F21F7B031700D1016F;
			productRefGroup = 3DC075FC1F7B031700D1016F /* Products */;
			projectDirPath = "";
			projectRoot = "";
			targets = (
				3DC075FA1F7B031700D1016F /* Vybes */,
			);
		};
/* End PBXProject section */

/* Begin PBXResourcesBuildPhase section */
		3DC075F91F7B031700D1016F /* Resources */ = {
			isa = PBXResourcesBuildPhase;
			buildActionMask = 2147483647;
			files = (
				3D94E61420606F00009C694C /* Main.storyboard in Resources */,
				3DC076091F7B031700D1016F /* LaunchScreen.storyboard in Resources */,
				3DC076061F7B031700D1016F /* Assets.xcassets in Resources */,
			);
			runOnlyForDeploymentPostprocessing = 0;
		};
/* End PBXResourcesBuildPhase section */

/* Begin PBXSourcesBuildPhase section */
		3DC075F71F7B031700D1016F /* Sources */ = {
			isa = PBXSourcesBuildPhase;
			buildActionMask = 2147483647;
			files = (
				3D80692A20678A7C0052D422 /* LoginViewController.swift in Sources */,
				3D8069322067C12A0052D422 /* Resource.swift in Sources */,
				3D63FD712060781F0029F21F /* Entry.swift in Sources */,
				3D8069352067C1540052D422 /* NetworkManager.swift in Sources */,
				3DA97C0B206C4D3D0012F444 /* UserResource.swift in Sources */,
				3DC6D8F72077FF6500C9F6A9 /* Result.swift in Sources */,
				3DAF8D9520699ED700F7EFF1 /* SignupViewController.swift in Sources */,
				3DA97C0D206C4DC20012F444 /* EntryResource.swift in Sources */,
				3D806925206787830052D422 /* UIView+Extensions.swift in Sources */,
				3DA97C0F206CB5460012F444 /* User+NetworkManager.swift in Sources */,
				3D806927206789820052D422 /* UITextField+Extensions.swift in Sources */,
				3DF1B36C208526D5005F57F9 /* JournalViewController.swift in Sources */,
				3DBB853E20619390006A5F9C /* EntryTableViewCell.swift in Sources */,
				3DC075FF1F7B031700D1016F /* AppDelegate.swift in Sources */,
				3DA72575208405370021F741 /* Style.swift in Sources */,
				3D8069382067C2720052D422 /* User.swift in Sources */,
				3DA725722083F4070021F741 /* EditEntryViewController.swift in Sources */,
			);
			runOnlyForDeploymentPostprocessing = 0;
		};
/* End PBXSourcesBuildPhase section */

/* Begin PBXVariantGroup section */
		3DC076071F7B031700D1016F /* LaunchScreen.storyboard */ = {
			isa = PBXVariantGroup;
			children = (
				3DC076081F7B031700D1016F /* Base */,
			);
			name = LaunchScreen.storyboard;
			sourceTree = "<group>";
		};
/* End PBXVariantGroup section */

/* Begin XCBuildConfiguration section */
		3DC0760B1F7B031700D1016F /* Debug */ = {
			isa = XCBuildConfiguration;
			buildSettings = {
				ALWAYS_SEARCH_USER_PATHS = NO;
				CLANG_ANALYZER_NONNULL = YES;
				CLANG_ANALYZER_NUMBER_OBJECT_CONVERSION = YES_AGGRESSIVE;
				CLANG_CXX_LANGUAGE_STANDARD = "gnu++14";
				CLANG_CXX_LIBRARY = "libc++";
				CLANG_ENABLE_MODULES = YES;
				CLANG_ENABLE_OBJC_ARC = YES;
				CLANG_WARN_BLOCK_CAPTURE_AUTORELEASING = YES;
				CLANG_WARN_BOOL_CONVERSION = YES;
				CLANG_WARN_COMMA = YES;
				CLANG_WARN_CONSTANT_CONVERSION = YES;
				CLANG_WARN_DEPRECATED_OBJC_IMPLEMENTATIONS = YES;
				CLANG_WARN_DIRECT_OBJC_ISA_USAGE = YES_ERROR;
				CLANG_WARN_DOCUMENTATION_COMMENTS = YES;
				CLANG_WARN_EMPTY_BODY = YES;
				CLANG_WARN_ENUM_CONVERSION = YES;
				CLANG_WARN_INFINITE_RECURSION = YES;
				CLANG_WARN_INT_CONVERSION = YES;
				CLANG_WARN_NON_LITERAL_NULL_CONVERSION = YES;
				CLANG_WARN_OBJC_IMPLICIT_RETAIN_SELF = YES;
				CLANG_WARN_OBJC_LITERAL_CONVERSION = YES;
				CLANG_WARN_OBJC_ROOT_CLASS = YES_ERROR;
				CLANG_WARN_RANGE_LOOP_ANALYSIS = YES;
				CLANG_WARN_STRICT_PROTOTYPES = YES;
				CLANG_WARN_SUSPICIOUS_MOVE = YES;
				CLANG_WARN_UNGUARDED_AVAILABILITY = YES_AGGRESSIVE;
				CLANG_WARN_UNREACHABLE_CODE = YES;
				CLANG_WARN__DUPLICATE_METHOD_MATCH = YES;
				CODE_SIGN_IDENTITY = "iPhone Developer";
				COPY_PHASE_STRIP = NO;
				DEBUG_INFORMATION_FORMAT = dwarf;
				ENABLE_STRICT_OBJC_MSGSEND = YES;
				ENABLE_TESTABILITY = YES;
				GCC_C_LANGUAGE_STANDARD = gnu11;
				GCC_DYNAMIC_NO_PIC = NO;
				GCC_NO_COMMON_BLOCKS = YES;
				GCC_OPTIMIZATION_LEVEL = 0;
				GCC_PREPROCESSOR_DEFINITIONS = (
					"DEBUG=1",
					"$(inherited)",
				);
				GCC_WARN_64_TO_32_BIT_CONVERSION = YES;
				GCC_WARN_ABOUT_RETURN_TYPE = YES_ERROR;
				GCC_WARN_UNDECLARED_SELECTOR = YES;
				GCC_WARN_UNINITIALIZED_AUTOS = YES_AGGRESSIVE;
				GCC_WARN_UNUSED_FUNCTION = YES;
				GCC_WARN_UNUSED_VARIABLE = YES;
				IPHONEOS_DEPLOYMENT_TARGET = 11.0;
				MTL_ENABLE_DEBUG_INFO = YES;
				ONLY_ACTIVE_ARCH = YES;
				SDKROOT = iphoneos;
				SWIFT_ACTIVE_COMPILATION_CONDITIONS = DEBUG;
				SWIFT_OPTIMIZATION_LEVEL = "-Onone";
			};
			name = Debug;
		};
		3DC0760C1F7B031700D1016F /* Release */ = {
			isa = XCBuildConfiguration;
			buildSettings = {
				ALWAYS_SEARCH_USER_PATHS = NO;
				CLANG_ANALYZER_NONNULL = YES;
				CLANG_ANALYZER_NUMBER_OBJECT_CONVERSION = YES_AGGRESSIVE;
				CLANG_CXX_LANGUAGE_STANDARD = "gnu++14";
				CLANG_CXX_LIBRARY = "libc++";
				CLANG_ENABLE_MODULES = YES;
				CLANG_ENABLE_OBJC_ARC = YES;
				CLANG_WARN_BLOCK_CAPTURE_AUTORELEASING = YES;
				CLANG_WARN_BOOL_CONVERSION = YES;
				CLANG_WARN_COMMA = YES;
				CLANG_WARN_CONSTANT_CONVERSION = YES;
				CLANG_WARN_DEPRECATED_OBJC_IMPLEMENTATIONS = YES;
				CLANG_WARN_DIRECT_OBJC_ISA_USAGE = YES_ERROR;
				CLANG_WARN_DOCUMENTATION_COMMENTS = YES;
				CLANG_WARN_EMPTY_BODY = YES;
				CLANG_WARN_ENUM_CONVERSION = YES;
				CLANG_WARN_INFINITE_RECURSION = YES;
				CLANG_WARN_INT_CONVERSION = YES;
				CLANG_WARN_NON_LITERAL_NULL_CONVERSION = YES;
				CLANG_WARN_OBJC_IMPLICIT_RETAIN_SELF = YES;
				CLANG_WARN_OBJC_LITERAL_CONVERSION = YES;
				CLANG_WARN_OBJC_ROOT_CLASS = YES_ERROR;
				CLANG_WARN_RANGE_LOOP_ANALYSIS = YES;
				CLANG_WARN_STRICT_PROTOTYPES = YES;
				CLANG_WARN_SUSPICIOUS_MOVE = YES;
				CLANG_WARN_UNGUARDED_AVAILABILITY = YES_AGGRESSIVE;
				CLANG_WARN_UNREACHABLE_CODE = YES;
				CLANG_WARN__DUPLICATE_METHOD_MATCH = YES;
				CODE_SIGN_IDENTITY = "iPhone Developer";
				COPY_PHASE_STRIP = NO;
				DEBUG_INFORMATION_FORMAT = "dwarf-with-dsym";
				ENABLE_NS_ASSERTIONS = NO;
				ENABLE_STRICT_OBJC_MSGSEND = YES;
				GCC_C_LANGUAGE_STANDARD = gnu11;
				GCC_NO_COMMON_BLOCKS = YES;
				GCC_WARN_64_TO_32_BIT_CONVERSION = YES;
				GCC_WARN_ABOUT_RETURN_TYPE = YES_ERROR;
				GCC_WARN_UNDECLARED_SELECTOR = YES;
				GCC_WARN_UNINITIALIZED_AUTOS = YES_AGGRESSIVE;
				GCC_WARN_UNUSED_FUNCTION = YES;
				GCC_WARN_UNUSED_VARIABLE = YES;
				IPHONEOS_DEPLOYMENT_TARGET = 11.0;
				MTL_ENABLE_DEBUG_INFO = NO;
				SDKROOT = iphoneos;
				SWIFT_OPTIMIZATION_LEVEL = "-Owholemodule";
				VALIDATE_PRODUCT = YES;
			};
			name = Release;
		};
		3DC0760E1F7B031700D1016F /* Debug */ = {
			isa = XCBuildConfiguration;
			buildSettings = {
				ASSETCATALOG_COMPILER_APPICON_NAME = AppIcon;
				CODE_SIGN_STYLE = Automatic;
				DEVELOPMENT_TEAM = RFQY6T2L4D;
				INFOPLIST_FILE = "$(SRCROOT)/Vybes/Info.plist";
				LD_RUNPATH_SEARCH_PATHS = "$(inherited) @executable_path/Frameworks";
				PRODUCT_BUNDLE_IDENTIFIER = com.vybe.vybes;
				PRODUCT_NAME = "$(TARGET_NAME)";
				SWIFT_VERSION = 4.0;
				TARGETED_DEVICE_FAMILY = "1,2";
			};
			name = Debug;
		};
		3DC0760F1F7B031700D1016F /* Release */ = {
			isa = XCBuildConfiguration;
			buildSettings = {
				ASSETCATALOG_COMPILER_APPICON_NAME = AppIcon;
				CODE_SIGN_STYLE = Automatic;
				DEVELOPMENT_TEAM = RFQY6T2L4D;
				INFOPLIST_FILE = "$(SRCROOT)/Vybes/Info.plist";
				LD_RUNPATH_SEARCH_PATHS = "$(inherited) @executable_path/Frameworks";
				PRODUCT_BUNDLE_IDENTIFIER = com.vybe.vybes;
				PRODUCT_NAME = "$(TARGET_NAME)";
				SWIFT_VERSION = 4.0;
				TARGETED_DEVICE_FAMILY = "1,2";
			};
			name = Release;
		};
/* End XCBuildConfiguration section */

/* Begin XCConfigurationList section */
		3DC075F61F7B031700D1016F /* Build configuration list for PBXProject "Vybes" */ = {
			isa = XCConfigurationList;
			buildConfigurations = (
				3DC0760B1F7B031700D1016F /* Debug */,
				3DC0760C1F7B031700D1016F /* Release */,
			);
			defaultConfigurationIsVisible = 0;
			defaultConfigurationName = Release;
		};
		3DC0760D1F7B031700D1016F /* Build configuration list for PBXNativeTarget "Vybes" */ = {
			isa = XCConfigurationList;
			buildConfigurations = (
				3DC0760E1F7B031700D1016F /* Debug */,
				3DC0760F1F7B031700D1016F /* Release */,
			);
			defaultConfigurationIsVisible = 0;
			defaultConfigurationName = Release;
		};
/* End XCConfigurationList section */
	};
	rootObject = 3DC075F31F7B031700D1016F /* Project object */;
}
